
Microsoft Visual Studio Solution File, Format Version 12.00
# Visual Studio Version 17
VisualStudioVersion = 17.11.35431.28
MinimumVisualStudioVersion = 10.0.40219.1
Project("{FAE04EC0-301F-11D3-BF4B-00C04F79EFBC}") = "YchebPrakGIBDD", "YchebPrakGIBDD\YchebPrakGIBDD.csproj", "{C75FD946-D020-47F7-B63D-35C551E20B37}"
EndProject
Project("{FAE04EC0-301F-11D3-BF4B-00C04F79EFBC}") = "gibbd_tests", "gibbd_tests\gibbd_tests.csproj", "{766E8BA8-005D-45CA-8AB5-30DE1C502E1F}"
EndProject
Global
	GlobalSection(SolutionConfigurationPlatforms) = preSolution
		Debug|Any CPU = Debug|Any CPU
		Release|Any CPU = Release|Any CPU
	EndGlobalSection
	GlobalSection(ProjectConfigurationPlatforms) = postSolution
		{C75FD946-D020-47F7-B63D-35C551E20B37}.Debug|Any CPU.ActiveCfg = Debug|Any CPU
		{C75FD946-D020-47F7-B63D-35C551E20B37}.Debug|Any CPU.Build.0 = Debug|Any CPU
		{C75FD946-D020-47F7-B63D-35C551E20B37}.Release|Any CPU.ActiveCfg = Release|Any CPU
		{C75FD946-D020-47F7-B63D-35C551E20B37}.Release|Any CPU.Build.0 = Release|Any CPU
		{766E8BA8-005D-45CA-8AB5-30DE1C502E1F}.Debug|Any CPU.ActiveCfg = Debug|Any CPU
		{766E8BA8-005D-45CA-8AB5-30DE1C502E1F}.Debug|Any CPU.Build.0 = Debug|Any CPU
		{766E8BA8-005D-45CA-8AB5-30DE1C502E1F}.Release|Any CPU.ActiveCfg = Release|Any CPU
		{766E8BA8-005D-45CA-8AB5-30DE1C502E1F}.Release|Any CPU.Build.0 = Release|Any CPU
	EndGlobalSection
	GlobalSection(SolutionProperties) = preSolution
		HideSolutionNode = FALSE
	EndGlobalSection
	GlobalSection(ExtensibilityGlobals) = postSolution
		SolutionGuid = {B4442978-A737-43D8-BA06-3063148D14B1}
	EndGlobalSection
EndGlobal
